
Microsoft Visual Studio Solution File, Format Version 12.00
# Visual Studio Version 17
VisualStudioVersion = 17.11.35222.181
MinimumVisualStudioVersion = 10.0.40219.1
Project("{9A19103F-16F7-4668-BE54-9A1E7A4F7556}") = "PensionsRetrievalFunction", "PensionsRetrievalFunction\PensionsRetrievalFunction.csproj", "{26CE1626-CAF6-447E-93E3-447D9D247B14}"
EndProject
Project("{9A19103F-16F7-4668-BE54-9A1E7A4F7556}") = "PensionsRetrievalFunctionTests", "..\tests\PensionsRetrievalFunctionTests\PensionsRetrievalFunctionTests.csproj", "{F309FB86-B948-41A7-9143-645027EB784C}"
EndProject
Global
	GlobalSection(SolutionConfigurationPlatforms) = preSolution
		Debug|Any CPU = Debug|Any CPU
		Release|Any CPU = Release|Any CPU
	EndGlobalSection
	GlobalSection(ProjectConfigurationPlatforms) = postSolution
		{26CE1626-CAF6-447E-93E3-447D9D247B14}.Debug|Any CPU.ActiveCfg = Debug|Any CPU
		{26CE1626-CAF6-447E-93E3-447D9D247B14}.Debug|Any CPU.Build.0 = Debug|Any CPU
		{26CE1626-CAF6-447E-93E3-447D9D247B14}.Release|Any CPU.ActiveCfg = Release|Any CPU
		{26CE1626-CAF6-447E-93E3-447D9D247B14}.Release|Any CPU.Build.0 = Release|Any CPU
		{F309FB86-B948-41A7-9143-645027EB784C}.Debug|Any CPU.ActiveCfg = Debug|Any CPU
		{F309FB86-B948-41A7-9143-645027EB784C}.Debug|Any CPU.Build.0 = Debug|Any CPU
		{F309FB86-B948-41A7-9143-645027EB784C}.Release|Any CPU.ActiveCfg = Release|Any CPU
		{F309FB86-B948-41A7-9143-645027EB784C}.Release|Any CPU.Build.0 = Release|Any CPU
	EndGlobalSection
	GlobalSection(SolutionProperties) = preSolution
		HideSolutionNode = FALSE
	EndGlobalSection
	GlobalSection(ExtensibilityGlobals) = postSolution
		SolutionGuid = {D8D91717-A320-4ACE-9D47-AFDF4A79160A}
	EndGlobalSection
EndGlobal
